Microsoft Visual Studio Solution File, Format Version 12.00
# Visual Studio Version 17
VisualStudioVersion = 17.13.35806.99
MinimumVisualStudioVersion = 10.0.40219.1
Project("{FAE04EC0-301F-11D3-BF4B-00C04F79EFBC}") = "CrudWmeDaniel", "CrudWmeDaniel\CrudWmeDaniel.csproj", "{F566DA29-C3EA-4E82-BB3F-C822E7E3439D}"
EndProject
Global
	GlobalSection(SolutionConfigurationPlatforms) = preSolution
		Debug|Any CPU = Debug|Any CPU
		Release|Any CPU = Release|Any CPU
	EndGlobalSection
	GlobalSection(ProjectConfigurationPlatforms) = postSolution
		{F566DA29-C3EA-4E82-BB3F-C822E7E3439D}.Debug|Any CPU.ActiveCfg = Debug|Any CPU
		{F566DA29-C3EA-4E82-BB3F-C822E7E3439D}.Debug|Any CPU.Build.0 = Debug|Any CPU
		{F566DA29-C3EA-4E82-BB3F-C822E7E3439D}.Release|Any CPU.ActiveCfg = Release|Any CPU
		{F566DA29-C3EA-4E82-BB3F-C822E7E3439D}.Release|Any CPU.Build.0 = Release|Any CPU
	EndGlobalSection
	GlobalSection(SolutionProperties) = preSolution
		HideSolutionNode = FALSE
	EndGlobalSection
	GlobalSection(ExtensibilityGlobals) = postSolution
		SolutionGuid = {063A0F2A-3641-4376-B8A0-F619CA2645B1}
	EndGlobalSection
EndGlobal
